{
  "name": "rtos-event-loop",
  "lockfileVersion": 3,
  "requires": true,
  "packages": {
    "": {
      "dependencies": {
        "colors": "^1.4.0",
        "command-line-parser": "^0.2.10"
      }
    },
    "node_modules/colors": {
      "version": "1.4.0",
      "resolved": "https://registry.npmjs.org/colors/-/colors-1.4.0.tgz",
      "integrity": "sha512-a+UqTh4kgZg/SlGvfbzDHpgRu7AAQOmmqRHJnxhRZICKFUT91brVhNNt58CMWU9PsBbv3PDCZUHbVxuDiH2mtA==",
      "engines": {
        "node": ">=0.1.90"
      }
    },
    "node_modules/command-line-parser": {
      "version": "0.2.10",
      "resolved": "https://registry.npmjs.org/command-line-parser/-/command-line-parser-0.2.10.tgz",
      "integrity": "sha512-ltdABudGiokiv4e3prof0f0xoKX5jYIys/i2l0U2DB6Ys9eUoKvC/QrhuR1ZLjyb33wzLGov3oUtp8IWOj5roQ=="
    }
  }
}
